
Microsoft Visual Studio Solution File, Format Version 12.00
# Visual Studio Version 17
VisualStudioVersion = 17.13.35825.156 d17.13
MinimumVisualStudioVersion = 10.0.40219.1
Project("{FAE04EC0-301F-11D3-BF4B-00C04F79EFBC}") = "MassTransit.Consumer", "MassTransit.Consumer\MassTransit.Consumer.csproj", "{74246CDD-3081-4AC9-964A-D36EDECD3256}"
EndProject
Project("{FAE04EC0-301F-11D3-BF4B-00C04F79EFBC}") = "MassTransit.Contracts", "MassTransit.Contracts\MassTransit.Contracts.csproj", "{FA8D1384-AEF1-4F21-93BD-C81C65FD155C}"
EndProject
Project("{E53339B2-1760-4266-BCC7-CA923CBCF16C}") = "docker-compose", "docker-compose.dcproj", "{81DDED9D-158B-E303-5F62-77A2896D2A5A}"
EndProject
Project("{FAE04EC0-301F-11D3-BF4B-00C04F79EFBC}") = "MassTransit.Publisher", "MassTransit.Publisher\MassTransit.Publisher.csproj", "{CEDFE4B0-DD67-445C-9972-427838FA9E5F}"
EndProject
Global
	GlobalSection(SolutionConfigurationPlatforms) = preSolution
		Debug|Any CPU = Debug|Any CPU
		Release|Any CPU = Release|Any CPU
	EndGlobalSection
	GlobalSection(ProjectConfigurationPlatforms) = postSolution
		{74246CDD-3081-4AC9-964A-D36EDECD3256}.Debug|Any CPU.ActiveCfg = Debug|Any CPU
		{74246CDD-3081-4AC9-964A-D36EDECD3256}.Debug|Any CPU.Build.0 = Debug|Any CPU
		{74246CDD-3081-4AC9-964A-D36EDECD3256}.Release|Any CPU.ActiveCfg = Release|Any CPU
		{74246CDD-3081-4AC9-964A-D36EDECD3256}.Release|Any CPU.Build.0 = Release|Any CPU
		{FA8D1384-AEF1-4F21-93BD-C81C65FD155C}.Debug|Any CPU.ActiveCfg = Debug|Any CPU
		{FA8D1384-AEF1-4F21-93BD-C81C65FD155C}.Debug|Any CPU.Build.0 = Debug|Any CPU
		{FA8D1384-AEF1-4F21-93BD-C81C65FD155C}.Release|Any CPU.ActiveCfg = Release|Any CPU
		{FA8D1384-AEF1-4F21-93BD-C81C65FD155C}.Release|Any CPU.Build.0 = Release|Any CPU
		{81DDED9D-158B-E303-5F62-77A2896D2A5A}.Debug|Any CPU.ActiveCfg = Debug|Any CPU
		{81DDED9D-158B-E303-5F62-77A2896D2A5A}.Debug|Any CPU.Build.0 = Debug|Any CPU
		{81DDED9D-158B-E303-5F62-77A2896D2A5A}.Release|Any CPU.ActiveCfg = Release|Any CPU
		{81DDED9D-158B-E303-5F62-77A2896D2A5A}.Release|Any CPU.Build.0 = Release|Any CPU
		{CEDFE4B0-DD67-445C-9972-427838FA9E5F}.Debug|Any CPU.ActiveCfg = Debug|Any CPU
		{CEDFE4B0-DD67-445C-9972-427838FA9E5F}.Debug|Any CPU.Build.0 = Debug|Any CPU
		{CEDFE4B0-DD67-445C-9972-427838FA9E5F}.Release|Any CPU.ActiveCfg = Release|Any CPU
		{CEDFE4B0-DD67-445C-9972-427838FA9E5F}.Release|Any CPU.Build.0 = Release|Any CPU
	EndGlobalSection
	GlobalSection(SolutionProperties) = preSolution
		HideSolutionNode = FALSE
	EndGlobalSection
	GlobalSection(ExtensibilityGlobals) = postSolution
		SolutionGuid = {35EEDB9E-BEDA-4765-954D-F883494E39E4}
	EndGlobalSection
EndGlobal
